<?xml version="1.0" encoding="utf-8"?>
<Project ToolsVersion="4.0" xmlns="http://schemas.microsoft.com/developer/msbuild/2003">
  <ItemGroup>
    <Filter Include="Generated Files">
      <UniqueIdentifier>{8cb6b730-ef9d-4191-ae00-01788e624cca}</UniqueIdentifier>
    </Filter>
    <Filter Include="Source Files">
      <UniqueIdentifier>{469dae43-a9db-4241-84bc-ff93f1b86745}</UniqueIdentifier>
      <Extensions>cpp;c;edl;def;</Extensions>
    </Filter>
    <Filter Include="Header Files">
      <UniqueIdentifier>{8a0d9037-07f2-4ded-9d5a-7476cf10f783}</UniqueIdentifier>
      <Extensions>h;hpp;</Extensions>
    </Filter>
    <Filter Include="Resource Files">
      <UniqueIdentifier>{392f68de-3175-46aa-991f-889c74a68d55}</UniqueIdentifier>
      <Extensions>rc;xml;pem;</Extensions>
    </Filter>
  </ItemGroup>
  <ItemGroup>
    <ClCompile Include="Enclave_t.c">
      <Filter>Generated Files</Filter>
    </ClCompile>
    <ClCompile Include="Enclave.cpp">
      <Filter>Source Files</Filter>
    </ClCompile>
  </ItemGroup>
  <ItemGroup>
    <ClInclude Include="Enclave_t.h">
      <Filter>Generated Files</Filter>
    </ClInclude>
  </ItemGroup>
  <ItemGroup>
    <None Include="Enclave_private.pem">
      <Filter>Resource Files</Filter>
    </None>
  </ItemGroup>
  <ItemGroup>
    <Xml Include="Enclave.config.xml">
      <Filter>Resource Files</Filter>
    </Xml>
  </ItemGroup>
  <ItemGroup>
    <Text Include="ReadMe.txt" />
  </ItemGroup>
  <ItemGroup>
    <CustomBuild Include="Enclave.edl">
      <Filter>Source Files</Filter>
    </CustomBuild>
  </ItemGroup>
</Project>